
Microsoft Visual Studio Solution File, Format Version 12.00
# Visual Studio Version 17
VisualStudioVersion = 17.14.36109.1 d17.14
MinimumVisualStudioVersion = 10.0.40219.1
Project("{FAE04EC0-301F-11D3-BF4B-00C04F79EFBC}") = "MusicPlayer", "MusicPlayer\MusicPlayer.csproj", "{CA7A45C9-421F-4712-8918-8B9EDD807988}"
EndProject
Global
	GlobalSection(SolutionConfigurationPlatforms) = preSolution
		Debug|Any CPU = Debug|Any CPU
		Release|Any CPU = Release|Any CPU
	EndGlobalSection
	GlobalSection(ProjectConfigurationPlatforms) = postSolution
		{CA7A45C9-421F-4712-8918-8B9EDD807988}.Debug|Any CPU.ActiveCfg = Debug|Any CPU
		{CA7A45C9-421F-4712-8918-8B9EDD807988}.Debug|Any CPU.Build.0 = Debug|Any CPU
		{CA7A45C9-421F-4712-8918-8B9EDD807988}.Release|Any CPU.ActiveCfg = Release|Any CPU
		{CA7A45C9-421F-4712-8918-8B9EDD807988}.Release|Any CPU.Build.0 = Release|Any CPU
	EndGlobalSection
	GlobalSection(SolutionProperties) = preSolution
		HideSolutionNode = FALSE
	EndGlobalSection
	GlobalSection(ExtensibilityGlobals) = postSolution
		SolutionGuid = {4891732B-AEDC-4FBC-9322-EB52CEE7E1A6}
	EndGlobalSection
EndGlobal
